<?xml version="1.0" encoding="utf-8"?>
<Project ToolsVersion="4.0" xmlns="http://schemas.microsoft.com/developer/msbuild/2003">
  <ItemGroup>
    <Filter Include="Source Files">
      <UniqueIdentifier>{4FC737F1-C7A5-4376-A066-2A32D752A2FF}</UniqueIdentifier>
      <Extensions>cpp;c;cc;cxx;def;odl;idl;hpj;bat;asm;asmx</Extensions>
    </Filter>
    <Filter Include="Header Files">
      <UniqueIdentifier>{93995380-89BD-4b04-88EB-625FBE52EBFB}</UniqueIdentifier>
      <Extensions>h;hh;hpp;hxx;hm;inl;inc;ipp;xsd</Extensions>
    </Filter>
    <Filter Include="Resource Files">
      <UniqueIdentifier>{67DA6AB6-F800-4c08-8B7A-83BB121AAD01}</UniqueIdentifier>
      <Extensions>rc;ico;cur;bmp;dlg;rc2;rct;bin;rgs;gif;jpg;jpeg;jpe;resx;tiff;tif;png;wav;mfcribbon-ms</Extensions>
    </Filter>
  </ItemGroup>
  <ItemGroup>
    <ClInclude Include="stdafx.h">
      <Filter>Header Files</Filter>
    </ClInclude>
    <ClInclude Include="targetver.h">
      <Filter>Header Files</Filter>
    </ClInclude>
    <ClInclude Include="Display.h">
      <Filter>Header Files</Filter>
    </ClInclude>
    <ClInclude Include="DynamicLines.h">
      <Filter>Header Files</Filter>
    </ClInclude>
    <ClInclude Include="DynamicRenderable.h">
      <Filter>Header Files</Filter>
    </ClInclude>
    <ClInclude Include="Tubes.h">
      <Filter>Header Files</Filter>
    </ClInclude>
    <ClInclude Include="A3DVector.h">
      <Filter>Header Files</Filter>
    </ClInclude>
    <ClInclude Include="AnElement.h">
      <Filter>Header Files</Filter>
    </ClInclude>
    <ClInclude Include="StuffWorker.h">
      <Filter>Header Files</Filter>
    </ClInclude>
    <ClInclude Include="AMass.h">
      <Filter>Header Files</Filter>
    </ClInclude>
    <ClInclude Include="SystemParams.h">
      <Filter>Header Files</Filter>
    </ClInclude>
    <ClInclude Include="LuaScript.h">
      <Filter>Header Files</Filter>
    </ClInclude>
    <ClInclude Include="A2DVector.h">
      <Filter>Header Files</Filter>
    </ClInclude>
    <ClInclude Include="AnIndexedLine.h">
      <Filter>Header Files</Filter>
    </ClInclude>
    <ClInclude Include="MyColor.h">
      <Filter>Header Files</Filter>
    </ClInclude>
    <ClInclude Include="OpenCVWrapper.h">
      <Filter>Header Files</Filter>
    </ClInclude>
    <ClInclude Include="CollisionGrid2D.h">
      <Filter>Header Files</Filter>
    </ClInclude>
    <ClInclude Include="A2DSquare.h">
      <Filter>Header Files</Filter>
    </ClInclude>
    <ClInclude Include="A2DObject.h">
      <Filter>Header Files</Filter>
    </ClInclude>
    <ClInclude Include="UtilityFunctions.h">
      <Filter>Header Files</Filter>
    </ClInclude>
    <ClInclude Include="AVideoCreator.h">
      <Filter>Header Files</Filter>
    </ClInclude>
    <ClInclude Include="ContainerWorker.h">
      <Filter>Header Files</Filter>
    </ClInclude>
    <ClInclude Include="TetWrapper.h">
      <Filter>Header Files</Filter>
    </ClInclude>
    <ClInclude Include="A2DRectangle.h">
      <Filter>Header Files</Filter>
    </ClInclude>
    <ClInclude Include="PoissonGenerator.h">
      <Filter>Header Files</Filter>
    </ClInclude>
    <ClInclude Include="PointCloud2D.h">
      <Filter>Header Files</Filter>
    </ClInclude>
    <ClInclude Include="NANOFLANNWrapper2D.h">
      <Filter>Header Files</Filter>
    </ClInclude>
    <ClInclude Include="AnIdxTriangle.h">
      <Filter>Header Files</Filter>
    </ClInclude>
    <ClInclude Include="CollisionGrid3D.h">
      <Filter>Header Files</Filter>
    </ClInclude>
    <ClInclude Include="A3DSquare.h">
      <Filter>Header Files</Filter>
    </ClInclude>
    <ClInclude Include="A3DObject.h">
      <Filter>Header Files</Filter>
    </ClInclude>
    <ClInclude Include="Octree.h">
      <Filter>Header Files</Filter>
    </ClInclude>
    <ClInclude Include="PathIO.h">
      <Filter>Header Files</Filter>
    </ClInclude>
    <ClInclude Include="dirent.h">
      <Filter>Header Files</Filter>
    </ClInclude>
    <ClInclude Include="ABary.h">
      <Filter>Header Files</Filter>
    </ClInclude>
    <ClInclude Include="ClipperWrapper.h">
      <Filter>Header Files</Filter>
    </ClInclude>
    <ClInclude Include="ThreadPool.h">
      <Filter>Header Files</Filter>
    </ClInclude>
    <ClInclude Include="ATimerStat.h">
      <Filter>Header Files</Filter>
    </ClInclude>
    <ClInclude Include="TubeConnector.h">
      <Filter>Header Files</Filter>
    </ClInclude>
  </ItemGroup>
  <ItemGroup>
    <ClCompile Include="stdafx.cpp">
      <Filter>Source Files</Filter>
    </ClCompile>
    <ClCompile Include="main.cpp">
      <Filter>Source Files</Filter>
    </ClCompile>
    <ClCompile Include="Display.cpp">
      <Filter>Source Files</Filter>
    </ClCompile>
    <ClCompile Include="DynamicRenderable.cpp">
      <Filter>Source Files</Filter>
    </ClCompile>
    <ClCompile Include="DynamicLines.cpp">
      <Filter>Source Files</Filter>
    </ClCompile>
    <ClCompile Include="Tubes.cpp">
      <Filter>Source Files</Filter>
    </ClCompile>
    <ClCompile Include="AnElement.cpp">
      <Filter>Source Files</Filter>
    </ClCompile>
    <ClCompile Include="StuffWorker.cpp">
      <Filter>Source Files</Filter>
    </ClCompile>
    <ClCompile Include="AMass.cpp">
      <Filter>Source Files</Filter>
    </ClCompile>
    <ClCompile Include="SystemParams.cpp">
      <Filter>Source Files</Filter>
    </ClCompile>
    <ClCompile Include="LuaScript.cpp">
      <Filter>Source Files</Filter>
    </ClCompile>
    <ClCompile Include="OpenCVWrapper.cpp">
      <Filter>Source Files</Filter>
    </ClCompile>
    <ClCompile Include="CollisionGrid2D.cpp">
      <Filter>Source Files</Filter>
    </ClCompile>
    <ClCompile Include="UtilityFunctions.cpp">
      <Filter>Source Files</Filter>
    </ClCompile>
    <ClCompile Include="AVideoCreator.cpp">
      <Filter>Source Files</Filter>
    </ClCompile>
    <ClCompile Include="ContainerWorker.cpp">
      <Filter>Source Files</Filter>
    </ClCompile>
    <ClCompile Include="TetWrapper.cpp">
      <Filter>Source Files</Filter>
    </ClCompile>
    <ClCompile Include="NANOFLANNWrapper2D.cpp">
      <Filter>Source Files</Filter>
    </ClCompile>
    <ClCompile Include="CollisionGrid3D.cpp">
      <Filter>Source Files</Filter>
    </ClCompile>
    <ClCompile Include="Octree.cpp">
      <Filter>Source Files</Filter>
    </ClCompile>
    <ClCompile Include="PathIO.cpp">
      <Filter>Source Files</Filter>
    </ClCompile>
    <ClCompile Include="dirent.cpp">
      <Filter>Source Files</Filter>
    </ClCompile>
    <ClCompile Include="ClipperWrapper.cpp">
      <Filter>Source Files</Filter>
    </ClCompile>
    <ClCompile Include="clipper.cpp">
      <Filter>Source Files</Filter>
    </ClCompile>
  </ItemGroup>
  <ItemGroup>
    <None Include="..\params.lua">
      <Filter>Resource Files</Filter>
    </None>
  </ItemGroup>
</Project>